
Microsoft Visual Studio Solution File, Format Version 12.00
# Visual Studio Version 17
VisualStudioVersion = 17.3.32901.215
MinimumVisualStudioVersion = 10.0.40219.1
Project("{FAE04EC0-301F-11D3-BF4B-00C04F79EFBC}") = "Q1", "Q1\Q1.csproj", "{09EA9A77-12FA-4EE6-82D5-096E01242F1A}"
EndProject
Global
	GlobalSection(SolutionConfigurationPlatforms) = preSolution
		Debug|Any CPU = Debug|Any CPU
		Release|Any CPU = Release|Any CPU
	EndGlobalSection
	GlobalSection(ProjectConfigurationPlatforms) = postSolution
		{09EA9A77-12FA-4EE6-82D5-096E01242F1A}.Debug|Any CPU.ActiveCfg = Debug|Any CPU
		{09EA9A77-12FA-4EE6-82D5-096E01242F1A}.Debug|Any CPU.Build.0 = Debug|Any CPU
		{09EA9A77-12FA-4EE6-82D5-096E01242F1A}.Release|Any CPU.ActiveCfg = Release|Any CPU
		{09EA9A77-12FA-4EE6-82D5-096E01242F1A}.Release|Any CPU.Build.0 = Release|Any CPU
	EndGlobalSection
	GlobalSection(SolutionProperties) = preSolution
		HideSolutionNode = FALSE
	EndGlobalSection
	GlobalSection(ExtensibilityGlobals) = postSolution
		SolutionGuid = {CDCA6A4F-1D61-4BEC-953E-796B3ED42381}
	EndGlobalSection
EndGlobal
